{
    "requires": true,
    "lockfileVersion": 1,
    "dependencies": {
        "@popperjs/core": {
            "version": "2.9.2",
            "resolved": "https://registry.npmjs.org/@popperjs/core/-/core-2.9.2.tgz",
            "integrity": "sha512-VZMYa7+fXHdwIq1TDhSXoVmSPEGM/aa+6Aiq3nVVJ9bXr24zScr+NlKFKC3iPljA7ho/GAZr+d2jOf5GIRC30Q=="
        },
        "bootstrap": {
            "version": "5.0.1",
            "resolved": "https://registry.npmjs.org/bootstrap/-/bootstrap-5.0.1.tgz",
            "integrity": "sha512-Fl79+wsLOZKoiU345KeEaWD0ik8WKRI5zm0YSPj2oF1Qr+BO7z0fco6GbUtqjoG1h4VI89PeKJnMsMMVQdKKTw=="
        },
        "overlayscrollbars": {
            "version": "1.13.1",
            "resolved": "https://registry.npmjs.org/overlayscrollbars/-/overlayscrollbars-1.13.1.tgz",
            "integrity": "sha512-gIQfzgGgu1wy80EB4/6DaJGHMEGmizq27xHIESrzXq0Y/J0Ay1P3DWk6tuVmEPIZH15zaBlxeEJOqdJKmowHCQ=="
        },
        "tippy.js": {
            "version": "6.3.1",
            "resolved": "https://registry.npmjs.org/tippy.js/-/tippy.js-6.3.1.tgz",
            "integrity": "sha512-JnFncCq+rF1dTURupoJ4yPie5Cof978inW6/4S6kmWV7LL9YOSEVMifED3KdrVPEG+Z/TFH2CDNJcQEfaeuQww==",
            "requires": {
                "@popperjs/core": "^2.8.3"
            }
        }
    }
}
